
Microsoft Visual Studio Solution File, Format Version 12.00
# Visual Studio Version 16
VisualStudioVersion = 16.0.28803.352
MinimumVisualStudioVersion = 10.0.40219.1
Project("{FAE04EC0-301F-11D3-BF4B-00C04F79EFBC}") = "Maze", "Maze\Maze.csproj", "{C5C17333-BA57-4CE9-994A-2906D550E184}"
EndProject
Global
	GlobalSection(SolutionConfigurationPlatforms) = preSolution
		Debug|Any CPU = Debug|Any CPU
		Release|Any CPU = Release|Any CPU
	EndGlobalSection
	GlobalSection(ProjectConfigurationPlatforms) = postSolution
		{C5C17333-BA57-4CE9-994A-2906D550E184}.Debug|Any CPU.ActiveCfg = Debug|Any CPU
		{C5C17333-BA57-4CE9-994A-2906D550E184}.Debug|Any CPU.Build.0 = Debug|Any CPU
		{C5C17333-BA57-4CE9-994A-2906D550E184}.Release|Any CPU.ActiveCfg = Release|Any CPU
		{C5C17333-BA57-4CE9-994A-2906D550E184}.Release|Any CPU.Build.0 = Release|Any CPU
	EndGlobalSection
	GlobalSection(SolutionProperties) = preSolution
		HideSolutionNode = FALSE
	EndGlobalSection
	GlobalSection(ExtensibilityGlobals) = postSolution
		SolutionGuid = {6A33AE7C-5EAD-46E9-8AB2-6B461023D41F}
	EndGlobalSection
EndGlobal
